// !$*UTF8*$!
{
	archiveVersion = 1;
	classes = {
	};
	objectVersion = 46;
	objects = {

/* Begin PBXBuildFile section */
		811777F71F1F7EBC001FA155 /* AppDelegate.swift in Sources */ = {isa = PBXBuildFile; fileRef = 811777F61F1F7EBC001FA155 /* AppDelegate.swift */; };
		811777F91F1F7EBC001FA155 /* ViewController.swift in Sources */ = {isa = PBXBuildFile; fileRef = 811777F81F1F7EBC001FA155 /* ViewController.swift */; };
		811777FC1F1F7EBC001FA155 /* Main.storyboard in Resources */ = {isa = PBXBuildFile; fileRef = 811777FA1F1F7EBC001FA155 /* Main.storyboard */; };
		811777FE1F1F7EBC001FA155 /* Assets.xcassets in Resources */ = {isa = PBXBuildFile; fileRef = 811777FD1F1F7EBC001FA155 /* Assets.xcassets */; };
		811778011F1F7EBC001FA155 /* LaunchScreen.storyboard in Resources */ = {isa = PBXBuildFile; fileRef = 811777FF1F1F7EBC001FA155 /* LaunchScreen.storyboard */; };
		8117780B1F1F7EDD001FA155 /* PickerList.xib in Resources */ = {isa = PBXBuildFile; fileRef = 811778091F1F7EDD001FA155 /* PickerList.xib */; };
		8117780C1F1F7EDD001FA155 /* PickerList.swift in Sources */ = {isa = PBXBuildFile; fileRef = 8117780A1F1F7EDD001FA155 /* PickerList.swift */; };
		8143F9EC2237D2FF006CCB5A /* image8.png in Resources */ = {isa = PBXBuildFile; fileRef = 8143F9E82237D2FE006CCB5A /* image8.png */; };
		8143F9ED2237D2FF006CCB5A /* image7.png in Resources */ = {isa = PBXBuildFile; fileRef = 8143F9E92237D2FE006CCB5A /* image7.png */; };
		8143F9EE2237D2FF006CCB5A /* image6.png in Resources */ = {isa = PBXBuildFile; fileRef = 8143F9EA2237D2FF006CCB5A /* image6.png */; };
		8143F9EF2237D2FF006CCB5A /* image5.png in Resources */ = {isa = PBXBuildFile; fileRef = 8143F9EB2237D2FF006CCB5A /* image5.png */; };
		8143F9F12237D30E006CCB5A /* movie show.mov in Resources */ = {isa = PBXBuildFile; fileRef = 8143F9F02237D30E006CCB5A /* movie show.mov */; };
		8143F9F62237D365006CCB5A /* image4.png in Resources */ = {isa = PBXBuildFile; fileRef = 8143F9F22237D365006CCB5A /* image4.png */; };
		8143F9F72237D365006CCB5A /* image2.png in Resources */ = {isa = PBXBuildFile; fileRef = 8143F9F32237D365006CCB5A /* image2.png */; };
		8143F9F82237D365006CCB5A /* image3.png in Resources */ = {isa = PBXBuildFile; fileRef = 8143F9F42237D365006CCB5A /* image3.png */; };
		8143F9F92237D365006CCB5A /* image1.png in Resources */ = {isa = PBXBuildFile; fileRef = 8143F9F52237D365006CCB5A /* image1.png */; };
		81A0B369200B665100A4A65D /* CustomPicker.swift in Sources */ = {isa = PBXBuildFile; fileRef = 81A0B368200B665100A4A65D /* CustomPicker.swift */; };
		81A0B36B200B78C200A4A65D /* TableView.xib in Resources */ = {isa = PBXBuildFile; fileRef = 81A0B36A200B78C200A4A65D /* TableView.xib */; };
		81A0B36E200B8A5200A4A65D /* TableViewTest.swift in Sources */ = {isa = PBXBuildFile; fileRef = 81A0B36D200B8A5200A4A65D /* TableViewTest.swift */; };
		81A0B370200B8ED200A4A65D /* TableCell.xib in Resources */ = {isa = PBXBuildFile; fileRef = 81A0B36F200B8ED200A4A65D /* TableCell.xib */; };
		81A0B372200B8F2C00A4A65D /* ViewPresenter.swift in Sources */ = {isa = PBXBuildFile; fileRef = 81A0B371200B8F2C00A4A65D /* ViewPresenter.swift */; };
		81A0B375200B944800A4A65D /* CollectionData.xib in Resources */ = {isa = PBXBuildFile; fileRef = 81A0B374200B944800A4A65D /* CollectionData.xib */; };
		81A0B377200B949000A4A65D /* CollectionCell.xib in Resources */ = {isa = PBXBuildFile; fileRef = 81A0B376200B949000A4A65D /* CollectionCell.xib */; };
		81A0B379200B9ADF00A4A65D /* CollectionDataTest.swift in Sources */ = {isa = PBXBuildFile; fileRef = 81A0B378200B9ADF00A4A65D /* CollectionDataTest.swift */; };
		81CE8C21200759F4009DA082 /* SheetPicker.swift in Sources */ = {isa = PBXBuildFile; fileRef = 81CE8C20200759F4009DA082 /* SheetPicker.swift */; };
		81CE8C2620077B43009DA082 /* DatePicker.swift in Sources */ = {isa = PBXBuildFile; fileRef = 81CE8C2520076EC4009DA082 /* DatePicker.swift */; };
		81CE8C2720077B4D009DA082 /* DatePicker.xib in Resources */ = {isa = PBXBuildFile; fileRef = 81CE8C2420076EC4009DA082 /* DatePicker.xib */; };
		81D057262236A8A1004E5E50 /* Picker.swift in Sources */ = {isa = PBXBuildFile; fileRef = 81D057252236A8A1004E5E50 /* Picker.swift */; };
		81F10293200CC4D500CDE732 /* ChtarBottomSheet.podspec in Resources */ = {isa = PBXBuildFile; fileRef = 81F1028A200CBE1400CDE732 /* ChtarBottomSheet.podspec */; };
		DFFCA3D4231D314200BD7BFD /* movie2.mov in Resources */ = {isa = PBXBuildFile; fileRef = DFFCA3D3231D314200BD7BFD /* movie2.mov */; };
		DFFCA3D9231D31B400BD7BFD /* picker2.png in Resources */ = {isa = PBXBuildFile; fileRef = DFFCA3D5231D31B400BD7BFD /* picker2.png */; };
		DFFCA3DA231D31B400BD7BFD /* date1.png in Resources */ = {isa = PBXBuildFile; fileRef = DFFCA3D6231D31B400BD7BFD /* date1.png */; };
		DFFCA3DB231D31B400BD7BFD /* picker1.png in Resources */ = {isa = PBXBuildFile; fileRef = DFFCA3D7231D31B400BD7BFD /* picker1.png */; };
		DFFCA3DC231D31B400BD7BFD /* custom1.png in Resources */ = {isa = PBXBuildFile; fileRef = DFFCA3D8231D31B400BD7BFD /* custom1.png */; };
		DFFCBD392317E680003969FD /* CustomPicker.xib in Resources */ = {isa = PBXBuildFile; fileRef = DFFCBD382317E680003969FD /* CustomPicker.xib */; };
/* End PBXBuildFile section */

/* Begin PBXFileReference section */
		811777F31F1F7EBC001FA155 /* ActionSheetBottom-Chtar.app */ = {isa = PBXFileReference; explicitFileType = wrapper.application; includeInIndex = 0; path = "ActionSheetBottom-Chtar.app"; sourceTree = BUILT_PRODUCTS_DIR; };
		811777F61F1F7EBC001FA155 /* AppDelegate.swift */ = {isa = PBXFileReference; lastKnownFileType = sourcecode.swift; path = AppDelegate.swift; sourceTree = "<group>"; };
		811777F81F1F7EBC001FA155 /* ViewController.swift */ = {isa = PBXFileReference; lastKnownFileType = sourcecode.swift; path = ViewController.swift; sourceTree = "<group>"; };
		811777FB1F1F7EBC001FA155 /* Base */ = {isa = PBXFileReference; lastKnownFileType = file.storyboard; name = Base; path = Base.lproj/Main.storyboard; sourceTree = "<group>"; };
		811777FD1F1F7EBC001FA155 /* Assets.xcassets */ = {isa = PBXFileReference; lastKnownFileType = folder.assetcatalog; path = Assets.xcassets; sourceTree = "<group>"; };
		811778001F1F7EBC001FA155 /* Base */ = {isa = PBXFileReference; lastKnownFileType = file.storyboard; name = Base; path = Base.lproj/LaunchScreen.storyboard; sourceTree = "<group>"; };
		811778021F1F7EBC001FA155 /* Info.plist */ = {isa = PBXFileReference; lastKnownFileType = text.plist.xml; path = Info.plist; sourceTree = "<group>"; };
		811778091F1F7EDD001FA155 /* PickerList.xib */ = {isa = PBXFileReference; fileEncoding = 4; lastKnownFileType = file.xib; path = PickerList.xib; sourceTree = "<group>"; };
		8117780A1F1F7EDD001FA155 /* PickerList.swift */ = {isa = PBXFileReference; fileEncoding = 4; lastKnownFileType = sourcecode.swift; path = PickerList.swift; sourceTree = "<group>"; };
		8143F9E82237D2FE006CCB5A /* image8.png */ = {isa = PBXFileReference; lastKnownFileType = image.png; path = image8.png; sourceTree = "<group>"; };
		8143F9E92237D2FE006CCB5A /* image7.png */ = {isa = PBXFileReference; lastKnownFileType = image.png; path = image7.png; sourceTree = "<group>"; };
		8143F9EA2237D2FF006CCB5A /* image6.png */ = {isa = PBXFileReference; lastKnownFileType = image.png; path = image6.png; sourceTree = "<group>"; };
		8143F9EB2237D2FF006CCB5A /* image5.png */ = {isa = PBXFileReference; lastKnownFileType = image.png; path = image5.png; sourceTree = "<group>"; };
		8143F9F02237D30E006CCB5A /* movie show.mov */ = {isa = PBXFileReference; lastKnownFileType = video.quicktime; path = "movie show.mov"; sourceTree = "<group>"; };
		8143F9F22237D365006CCB5A /* image4.png */ = {isa = PBXFileReference; lastKnownFileType = image.png; path = image4.png; sourceTree = "<group>"; };
		8143F9F32237D365006CCB5A /* image2.png */ = {isa = PBXFileReference; lastKnownFileType = image.png; path = image2.png; sourceTree = "<group>"; };
		8143F9F42237D365006CCB5A /* image3.png */ = {isa = PBXFileReference; lastKnownFileType = image.png; path = image3.png; sourceTree = "<group>"; };
		8143F9F52237D365006CCB5A /* image1.png */ = {isa = PBXFileReference; lastKnownFileType = image.png; path = image1.png; sourceTree = "<group>"; };
		81A0B368200B665100A4A65D /* CustomPicker.swift */ = {isa = PBXFileReference; lastKnownFileType = sourcecode.swift; path = CustomPicker.swift; sourceTree = "<group>"; };
		81A0B36A200B78C200A4A65D /* TableView.xib */ = {isa = PBXFileReference; lastKnownFileType = file.xib; path = TableView.xib; sourceTree = "<group>"; };
		81A0B36D200B8A5200A4A65D /* TableViewTest.swift */ = {isa = PBXFileReference; lastKnownFileType = sourcecode.swift; path = TableViewTest.swift; sourceTree = "<group>"; };
		81A0B36F200B8ED200A4A65D /* TableCell.xib */ = {isa = PBXFileReference; lastKnownFileType = file.xib; path = TableCell.xib; sourceTree = "<group>"; };
		81A0B371200B8F2C00A4A65D /* ViewPresenter.swift */ = {isa = PBXFileReference; lastKnownFileType = sourcecode.swift; path = ViewPresenter.swift; sourceTree = "<group>"; };
		81A0B374200B944800A4A65D /* CollectionData.xib */ = {isa = PBXFileReference; lastKnownFileType = file.xib; path = CollectionData.xib; sourceTree = "<group>"; };
		81A0B376200B949000A4A65D /* CollectionCell.xib */ = {isa = PBXFileReference; lastKnownFileType = file.xib; path = CollectionCell.xib; sourceTree = "<group>"; };
		81A0B378200B9ADF00A4A65D /* CollectionDataTest.swift */ = {isa = PBXFileReference; lastKnownFileType = sourcecode.swift; path = CollectionDataTest.swift; sourceTree = "<group>"; };
		81CE8C20200759F4009DA082 /* SheetPicker.swift */ = {isa = PBXFileReference; lastKnownFileType = sourcecode.swift; path = SheetPicker.swift; sourceTree = "<group>"; };
		81CE8C2420076EC4009DA082 /* DatePicker.xib */ = {isa = PBXFileReference; lastKnownFileType = file.xib; path = DatePicker.xib; sourceTree = "<group>"; };
		81CE8C2520076EC4009DA082 /* DatePicker.swift */ = {isa = PBXFileReference; lastKnownFileType = sourcecode.swift; path = DatePicker.swift; sourceTree = "<group>"; };
		81D057252236A8A1004E5E50 /* Picker.swift */ = {isa = PBXFileReference; lastKnownFileType = sourcecode.swift; path = Picker.swift; sourceTree = "<group>"; };
		81F1028A200CBE1400CDE732 /* ChtarBottomSheet.podspec */ = {isa = PBXFileReference; lastKnownFileType = text; path = ChtarBottomSheet.podspec; sourceTree = "<group>"; };
		DFFCA3D3231D314200BD7BFD /* movie2.mov */ = {isa = PBXFileReference; lastKnownFileType = video.quicktime; path = movie2.mov; sourceTree = "<group>"; };
		DFFCA3D5231D31B400BD7BFD /* picker2.png */ = {isa = PBXFileReference; lastKnownFileType = image.png; path = picker2.png; sourceTree = "<group>"; };
		DFFCA3D6231D31B400BD7BFD /* date1.png */ = {isa = PBXFileReference; lastKnownFileType = image.png; path = date1.png; sourceTree = "<group>"; };
		DFFCA3D7231D31B400BD7BFD /* picker1.png */ = {isa = PBXFileReference; lastKnownFileType = image.png; path = picker1.png; sourceTree = "<group>"; };
		DFFCA3D8231D31B400BD7BFD /* custom1.png */ = {isa = PBXFileReference; lastKnownFileType = image.png; path = custom1.png; sourceTree = "<group>"; };
		DFFCBD382317E680003969FD /* CustomPicker.xib */ = {isa = PBXFileReference; lastKnownFileType = file.xib; path = CustomPicker.xib; sourceTree = "<group>"; };
/* End PBXFileReference section */

/* Begin PBXFrameworksBuildPhase section */
		811777F01F1F7EBC001FA155 /* Frameworks */ = {
			isa = PBXFrameworksBuildPhase;
			buildActionMask = 2147483647;
			files = (
			);
			runOnlyForDeploymentPostprocessing = 0;
		};
/* End PBXFrameworksBuildPhase section */

/* Begin PBXGroup section */
		811777EA1F1F7EBB001FA155 = {
			isa = PBXGroup;
			children = (
				81F1028A200CBE1400CDE732 /* ChtarBottomSheet.podspec */,
				81F1026A200CAB4100CDE732 /* Library files */,
				8117780D1F1F81D9001FA155 /* screen shot */,
				811777F51F1F7EBC001FA155 /* PickerList-Chtar */,
				811777F41F1F7EBC001FA155 /* Products */,
			);
			sourceTree = "<group>";
		};
		811777F41F1F7EBC001FA155 /* Products */ = {
			isa = PBXGroup;
			children = (
				811777F31F1F7EBC001FA155 /* ActionSheetBottom-Chtar.app */,
			);
			name = Products;
			sourceTree = "<group>";
		};
		811777F51F1F7EBC001FA155 /* PickerList-Chtar */ = {
			isa = PBXGroup;
			children = (
				81A0B373200B942100A4A65D /* custom collectionView */,
				81A0B36C200B8A3000A4A65D /* custom tablePicker  */,
				811777F61F1F7EBC001FA155 /* AppDelegate.swift */,
				811777F81F1F7EBC001FA155 /* ViewController.swift */,
				81A0B371200B8F2C00A4A65D /* ViewPresenter.swift */,
				811777FA1F1F7EBC001FA155 /* Main.storyboard */,
				811777FD1F1F7EBC001FA155 /* Assets.xcassets */,
				811777FF1F1F7EBC001FA155 /* LaunchScreen.storyboard */,
				811778021F1F7EBC001FA155 /* Info.plist */,
			);
			path = "PickerList-Chtar";
			sourceTree = "<group>";
		};
		8117780D1F1F81D9001FA155 /* screen shot */ = {
			isa = PBXGroup;
			children = (
				DFFCA3D2231D30CA00BD7BFD /* New Group */,
				8143F9F02237D30E006CCB5A /* movie show.mov */,
				8143F9F52237D365006CCB5A /* image1.png */,
				8143F9F32237D365006CCB5A /* image2.png */,
				8143F9F42237D365006CCB5A /* image3.png */,
				8143F9F22237D365006CCB5A /* image4.png */,
				8143F9EB2237D2FF006CCB5A /* image5.png */,
				8143F9EA2237D2FF006CCB5A /* image6.png */,
				8143F9E92237D2FE006CCB5A /* image7.png */,
				8143F9E82237D2FE006CCB5A /* image8.png */,
			);
			name = "screen shot";
			sourceTree = "<group>";
		};
		81A0B36C200B8A3000A4A65D /* custom tablePicker  */ = {
			isa = PBXGroup;
			children = (
				81A0B36A200B78C200A4A65D /* TableView.xib */,
				81A0B36D200B8A5200A4A65D /* TableViewTest.swift */,
				81A0B36F200B8ED200A4A65D /* TableCell.xib */,
			);
			path = "custom tablePicker ";
			sourceTree = "<group>";
		};
		81A0B373200B942100A4A65D /* custom collectionView */ = {
			isa = PBXGroup;
			children = (
				81A0B374200B944800A4A65D /* CollectionData.xib */,
				81A0B376200B949000A4A65D /* CollectionCell.xib */,
				81A0B378200B9ADF00A4A65D /* CollectionDataTest.swift */,
			);
			path = "custom collectionView";
			sourceTree = "<group>";
		};
		81F1026A200CAB4100CDE732 /* Library files */ = {
			isa = PBXGroup;
			children = (
				81CE8C2420076EC4009DA082 /* DatePicker.xib */,
				81CE8C2520076EC4009DA082 /* DatePicker.swift */,
				811778091F1F7EDD001FA155 /* PickerList.xib */,
				8117780A1F1F7EDD001FA155 /* PickerList.swift */,
				DFFCBD382317E680003969FD /* CustomPicker.xib */,
				81A0B368200B665100A4A65D /* CustomPicker.swift */,
				81CE8C20200759F4009DA082 /* SheetPicker.swift */,
				81D057252236A8A1004E5E50 /* Picker.swift */,
			);
			path = "Library files";
			sourceTree = "<group>";
		};
		DFFCA3D2231D30CA00BD7BFD /* New Group */ = {
			isa = PBXGroup;
			children = (
				DFFCA3D7231D31B400BD7BFD /* picker1.png */,
				DFFCA3D5231D31B400BD7BFD /* picker2.png */,
				DFFCA3D6231D31B400BD7BFD /* date1.png */,
				DFFCA3D8231D31B400BD7BFD /* custom1.png */,
				DFFCA3D3231D314200BD7BFD /* movie2.mov */,
			);
			name = "New Group";
			sourceTree = "<group>";
		};
/* End PBXGroup section */

/* Begin PBXNativeTarget section */
		811777F21F1F7EBC001FA155 /* ActionSheetBottom-Chtar */ = {
			isa = PBXNativeTarget;
			buildConfigurationList = 811778051F1F7EBC001FA155 /* Build configuration list for PBXNativeTarget "ActionSheetBottom-Chtar" */;
			buildPhases = (
				811777EF1F1F7EBC001FA155 /* Sources */,
				811777F01F1F7EBC001FA155 /* Frameworks */,
				811777F11F1F7EBC001FA155 /* Resources */,
			);
			buildRules = (
			);
			dependencies = (
			);
			name = "ActionSheetBottom-Chtar";
			productName = "PickerList-Chtar";
			productReference = 811777F31F1F7EBC001FA155 /* ActionSheetBottom-Chtar.app */;
			productType = "com.apple.product-type.application";
		};
/* End PBXNativeTarget section */

/* Begin PBXProject section */
		811777EB1F1F7EBB001FA155 /* Project object */ = {
			isa = PBXProject;
			attributes = {
				LastSwiftUpdateCheck = 0820;
				LastUpgradeCheck = 0820;
				ORGANIZATIONNAME = "Ragaie alfy";
				TargetAttributes = {
					811777F21F1F7EBC001FA155 = {
						CreatedOnToolsVersion = 8.2;
						DevelopmentTeam = 8Z3K9T9U74;
						LastSwiftMigration = 1020;
						ProvisioningStyle = Automatic;
					};
				};
			};
			buildConfigurationList = 811777EE1F1F7EBB001FA155 /* Build configuration list for PBXProject "ActionSheetBottom-Chtar" */;
			compatibilityVersion = "Xcode 3.2";
			developmentRegion = English;
			hasScannedForEncodings = 0;
			knownRegions = (
				English,
				en,
				Base,
			);
			mainGroup = 811777EA1F1F7EBB001FA155;
			productRefGroup = 811777F41F1F7EBC001FA155 /* Products */;
			projectDirPath = "";
			projectRoot = "";
			targets = (
				811777F21F1F7EBC001FA155 /* ActionSheetBottom-Chtar */,
			);
		};
/* End PBXProject section */

/* Begin PBXResourcesBuildPhase section */
		811777F11F1F7EBC001FA155 /* Resources */ = {
			isa = PBXResourcesBuildPhase;
			buildActionMask = 2147483647;
			files = (
				8143F9F12237D30E006CCB5A /* movie show.mov in Resources */,
				811778011F1F7EBC001FA155 /* LaunchScreen.storyboard in Resources */,
				8143F9F82237D365006CCB5A /* image3.png in Resources */,
				8143F9ED2237D2FF006CCB5A /* image7.png in Resources */,
				81A0B36B200B78C200A4A65D /* TableView.xib in Resources */,
				8143F9F72237D365006CCB5A /* image2.png in Resources */,
				81F10293200CC4D500CDE732 /* ChtarBottomSheet.podspec in Resources */,
				DFFCA3D4231D314200BD7BFD /* movie2.mov in Resources */,
				8143F9F92237D365006CCB5A /* image1.png in Resources */,
				81CE8C2720077B4D009DA082 /* DatePicker.xib in Resources */,
				DFFCA3DB231D31B400BD7BFD /* picker1.png in Resources */,
				81A0B377200B949000A4A65D /* CollectionCell.xib in Resources */,
				DFFCBD392317E680003969FD /* CustomPicker.xib in Resources */,
				8143F9EE2237D2FF006CCB5A /* image6.png in Resources */,
				8117780B1F1F7EDD001FA155 /* PickerList.xib in Resources */,
				811777FE1F1F7EBC001FA155 /* Assets.xcassets in Resources */,
				8143F9F62237D365006CCB5A /* image4.png in Resources */,
				DFFCA3DA231D31B400BD7BFD /* date1.png in Resources */,
				DFFCA3DC231D31B400BD7BFD /* custom1.png in Resources */,
				8143F9EF2237D2FF006CCB5A /* image5.png in Resources */,
				8143F9EC2237D2FF006CCB5A /* image8.png in Resources */,
				811777FC1F1F7EBC001FA155 /* Main.storyboard in Resources */,
				81A0B375200B944800A4A65D /* CollectionData.xib in Resources */,
				81A0B370200B8ED200A4A65D /* TableCell.xib in Resources */,
				DFFCA3D9231D31B400BD7BFD /* picker2.png in Resources */,
			);
			runOnlyForDeploymentPostprocessing = 0;
		};
/* End PBXResourcesBuildPhase section */

/* Begin PBXSourcesBuildPhase section */
		811777EF1F1F7EBC001FA155 /* Sources */ = {
			isa = PBXSourcesBuildPhase;
			buildActionMask = 2147483647;
			files = (
				81A0B372200B8F2C00A4A65D /* ViewPresenter.swift in Sources */,
				81A0B379200B9ADF00A4A65D /* CollectionDataTest.swift in Sources */,
				8117780C1F1F7EDD001FA155 /* PickerList.swift in Sources */,
				81D057262236A8A1004E5E50 /* Picker.swift in Sources */,
				81A0B36E200B8A5200A4A65D /* TableViewTest.swift in Sources */,
				81A0B369200B665100A4A65D /* CustomPicker.swift in Sources */,
				811777F91F1F7EBC001FA155 /* ViewController.swift in Sources */,
				811777F71F1F7EBC001FA155 /* AppDelegate.swift in Sources */,
				81CE8C21200759F4009DA082 /* SheetPicker.swift in Sources */,
				81CE8C2620077B43009DA082 /* DatePicker.swift in Sources */,
			);
			runOnlyForDeploymentPostprocessing = 0;
		};
/* End PBXSourcesBuildPhase section */

/* Begin PBXVariantGroup section */
		811777FA1F1F7EBC001FA155 /* Main.storyboard */ = {
			isa = PBXVariantGroup;
			children = (
				811777FB1F1F7EBC001FA155 /* Base */,
			);
			name = Main.storyboard;
			sourceTree = "<group>";
		};
		811777FF1F1F7EBC001FA155 /* LaunchScreen.storyboard */ = {
			isa = PBXVariantGroup;
			children = (
				811778001F1F7EBC001FA155 /* Base */,
			);
			name = LaunchScreen.storyboard;
			sourceTree = "<group>";
		};
/* End PBXVariantGroup section */

/* Begin XCBuildConfiguration section */
		811778031F1F7EBC001FA155 /* Debug */ = {
			isa = XCBuildConfiguration;
			buildSettings = {
				ALWAYS_SEARCH_USER_PATHS = NO;
				CLANG_ANALYZER_NONNULL = YES;
				CLANG_CXX_LANGUAGE_STANDARD = "gnu++0x";
				CLANG_CXX_LIBRARY = "libc++";
				CLANG_ENABLE_MODULES = YES;
				CLANG_ENABLE_OBJC_ARC = YES;
				CLANG_WARN_BOOL_CONVERSION = YES;
				CLANG_WARN_CONSTANT_CONVERSION = YES;
				CLANG_WARN_DIRECT_OBJC_ISA_USAGE = YES_ERROR;
				CLANG_WARN_DOCUMENTATION_COMMENTS = YES;
				CLANG_WARN_EMPTY_BODY = YES;
				CLANG_WARN_ENUM_CONVERSION = YES;
				CLANG_WARN_INFINITE_RECURSION = YES;
				CLANG_WARN_INT_CONVERSION = YES;
				CLANG_WARN_OBJC_ROOT_CLASS = YES_ERROR;
				CLANG_WARN_SUSPICIOUS_MOVE = YES;
				CLANG_WARN_UNREACHABLE_CODE = YES;
				CLANG_WARN__DUPLICATE_METHOD_MATCH = YES;
				"CODE_SIGN_IDENTITY[sdk=iphoneos*]" = "iPhone Developer";
				COPY_PHASE_STRIP = NO;
				DEBUG_INFORMATION_FORMAT = dwarf;
				ENABLE_STRICT_OBJC_MSGSEND = YES;
				ENABLE_TESTABILITY = YES;
				GCC_C_LANGUAGE_STANDARD = gnu99;
				GCC_DYNAMIC_NO_PIC = NO;
				GCC_NO_COMMON_BLOCKS = YES;
				GCC_OPTIMIZATION_LEVEL = 0;
				GCC_PREPROCESSOR_DEFINITIONS = (
					"DEBUG=1",
					"$(inherited)",
				);
				GCC_WARN_64_TO_32_BIT_CONVERSION = YES;
				GCC_WARN_ABOUT_RETURN_TYPE = YES_ERROR;
				GCC_WARN_UNDECLARED_SELECTOR = YES;
				GCC_WARN_UNINITIALIZED_AUTOS = YES_AGGRESSIVE;
				GCC_WARN_UNUSED_FUNCTION = YES;
				GCC_WARN_UNUSED_VARIABLE = YES;
				IPHONEOS_DEPLOYMENT_TARGET = 8.0;
				MTL_ENABLE_DEBUG_INFO = YES;
				ONLY_ACTIVE_ARCH = YES;
				SDKROOT = iphoneos;
				SWIFT_ACTIVE_COMPILATION_CONDITIONS = DEBUG;
				SWIFT_OPTIMIZATION_LEVEL = "-Onone";
				TARGETED_DEVICE_FAMILY = "1,2";
			};
			name = Debug;
		};
		811778041F1F7EBC001FA155 /* Release */ = {
			isa = XCBuildConfiguration;
			buildSettings = {
				ALWAYS_SEARCH_USER_PATHS = NO;
				CLANG_ANALYZER_NONNULL = YES;
				CLANG_CXX_LANGUAGE_STANDARD = "gnu++0x";
				CLANG_CXX_LIBRARY = "libc++";
				CLANG_ENABLE_MODULES = YES;
				CLANG_ENABLE_OBJC_ARC = YES;
				CLANG_WARN_BOOL_CONVERSION = YES;
				CLANG_WARN_CONSTANT_CONVERSION = YES;
				CLANG_WARN_DIRECT_OBJC_ISA_USAGE = YES_ERROR;
				CLANG_WARN_DOCUMENTATION_COMMENTS = YES;
				CLANG_WARN_EMPTY_BODY = YES;
				CLANG_WARN_ENUM_CONVERSION = YES;
				CLANG_WARN_INFINITE_RECURSION = YES;
				CLANG_WARN_INT_CONVERSION = YES;
				CLANG_WARN_OBJC_ROOT_CLASS = YES_ERROR;
				CLANG_WARN_SUSPICIOUS_MOVE = YES;
				CLANG_WARN_UNREACHABLE_CODE = YES;
				CLANG_WARN__DUPLICATE_METHOD_MATCH = YES;
				"CODE_SIGN_IDENTITY[sdk=iphoneos*]" = "iPhone Developer";
				COPY_PHASE_STRIP = NO;
				DEBUG_INFORMATION_FORMAT = "dwarf-with-dsym";
				ENABLE_NS_ASSERTIONS = NO;
				ENABLE_STRICT_OBJC_MSGSEND = YES;
				GCC_C_LANGUAGE_STANDARD = gnu99;
				GCC_NO_COMMON_BLOCKS = YES;
				GCC_WARN_64_TO_32_BIT_CONVERSION = YES;
				GCC_WARN_ABOUT_RETURN_TYPE = YES_ERROR;
				GCC_WARN_UNDECLARED_SELECTOR = YES;
				GCC_WARN_UNINITIALIZED_AUTOS = YES_AGGRESSIVE;
				GCC_WARN_UNUSED_FUNCTION = YES;
				GCC_WARN_UNUSED_VARIABLE = YES;
				IPHONEOS_DEPLOYMENT_TARGET = 8.0;
				MTL_ENABLE_DEBUG_INFO = NO;
				SDKROOT = iphoneos;
				SWIFT_OPTIMIZATION_LEVEL = "-Owholemodule";
				TARGETED_DEVICE_FAMILY = "1,2";
				VALIDATE_PRODUCT = YES;
			};
			name = Release;
		};
		811778061F1F7EBC001FA155 /* Debug */ = {
			isa = XCBuildConfiguration;
			buildSettings = {
				ASSETCATALOG_COMPILER_APPICON_NAME = AppIcon;
				DEVELOPMENT_TEAM = 8Z3K9T9U74;
				INFOPLIST_FILE = "PickerList-Chtar/Info.plist";
				IPHONEOS_DEPLOYMENT_TARGET = 8.0;
				LD_RUNPATH_SEARCH_PATHS = "$(inherited) @executable_path/Frameworks";
				PRODUCT_BUNDLE_IDENTIFIER = "Chtar.PickerList-Chtar";
				PRODUCT_NAME = "$(TARGET_NAME)";
				SWIFT_VERSION = 5.0;
			};
			name = Debug;
		};
		811778071F1F7EBC001FA155 /* Release */ = {
			isa = XCBuildConfiguration;
			buildSettings = {
				ASSETCATALOG_COMPILER_APPICON_NAME = AppIcon;
				DEVELOPMENT_TEAM = 8Z3K9T9U74;
				INFOPLIST_FILE = "PickerList-Chtar/Info.plist";
				IPHONEOS_DEPLOYMENT_TARGET = 8.0;
				LD_RUNPATH_SEARCH_PATHS = "$(inherited) @executable_path/Frameworks";
				PRODUCT_BUNDLE_IDENTIFIER = "Chtar.PickerList-Chtar";
				PRODUCT_NAME = "$(TARGET_NAME)";
				SWIFT_VERSION = 5.0;
			};
			name = Release;
		};
/* End XCBuildConfiguration section */

/* Begin XCConfigurationList section */
		811777EE1F1F7EBB001FA155 /* Build configuration list for PBXProject "ActionSheetBottom-Chtar" */ = {
			isa = XCConfigurationList;
			buildConfigurations = (
				811778031F1F7EBC001FA155 /* Debug */,
				811778041F1F7EBC001FA155 /* Release */,
			);
			defaultConfigurationIsVisible = 0;
			defaultConfigurationName = Release;
		};
		811778051F1F7EBC001FA155 /* Build configuration list for PBXNativeTarget "ActionSheetBottom-Chtar" */ = {
			isa = XCConfigurationList;
			buildConfigurations = (
				811778061F1F7EBC001FA155 /* Debug */,
				811778071F1F7EBC001FA155 /* Release */,
			);
			defaultConfigurationIsVisible = 0;
			defaultConfigurationName = Release;
		};
/* End XCConfigurationList section */
	};
	rootObject = 811777EB1F1F7EBB001FA155 /* Project object */;
}
