// !$*UTF8*$!
{
	archiveVersion = 1;
	classes = {
	};
	objectVersion = 46;
	objects = {

/* Begin PBXBuildFile section */
		811777F71F1F7EBC001FA155 /* AppDelegate.swift in Sources */ = {isa = PBXBuildFile; fileRef = 811777F61F1F7EBC001FA155 /* AppDelegate.swift */; };
		811777F91F1F7EBC001FA155 /* ViewController.swift in Sources */ = {isa = PBXBuildFile; fileRef = 811777F81F1F7EBC001FA155 /* ViewController.swift */; };
		811777FC1F1F7EBC001FA155 /* Main.storyboard in Resources */ = {isa = PBXBuildFile; fileRef = 811777FA1F1F7EBC001FA155 /* Main.storyboard */; };
		811777FE1F1F7EBC001FA155 /* Assets.xcassets in Resources */ = {isa = PBXBuildFile; fileRef = 811777FD1F1F7EBC001FA155 /* Assets.xcassets */; };
		811778011F1F7EBC001FA155 /* LaunchScreen.storyboard in Resources */ = {isa = PBXBuildFile; fileRef = 811777FF1F1F7EBC001FA155 /* LaunchScreen.storyboard */; };
		8117780B1F1F7EDD001FA155 /* PickerList.xib in Resources */ = {isa = PBXBuildFile; fileRef = 811778091F1F7EDD001FA155 /* PickerList.xib */; };
		8117780C1F1F7EDD001FA155 /* PickerList.swift in Sources */ = {isa = PBXBuildFile; fileRef = 8117780A1F1F7EDD001FA155 /* PickerList.swift */; };
		81A0B369200B665100A4A65D /* CustomPicker.swift in Sources */ = {isa = PBXBuildFile; fileRef = 81A0B368200B665100A4A65D /* CustomPicker.swift */; };
		81A0B36B200B78C200A4A65D /* TableView.xib in Resources */ = {isa = PBXBuildFile; fileRef = 81A0B36A200B78C200A4A65D /* TableView.xib */; };
		81A0B36E200B8A5200A4A65D /* TableViewTest.swift in Sources */ = {isa = PBXBuildFile; fileRef = 81A0B36D200B8A5200A4A65D /* TableViewTest.swift */; };
		81A0B370200B8ED200A4A65D /* TableCell.xib in Resources */ = {isa = PBXBuildFile; fileRef = 81A0B36F200B8ED200A4A65D /* TableCell.xib */; };
		81A0B372200B8F2C00A4A65D /* ViewPresenter.swift in Sources */ = {isa = PBXBuildFile; fileRef = 81A0B371200B8F2C00A4A65D /* ViewPresenter.swift */; };
		81A0B375200B944800A4A65D /* CollectionData.xib in Resources */ = {isa = PBXBuildFile; fileRef = 81A0B374200B944800A4A65D /* CollectionData.xib */; };
		81A0B377200B949000A4A65D /* CollectionCell.xib in Resources */ = {isa = PBXBuildFile; fileRef = 81A0B376200B949000A4A65D /* CollectionCell.xib */; };
		81A0B379200B9ADF00A4A65D /* CollectionDataTest.swift in Sources */ = {isa = PBXBuildFile; fileRef = 81A0B378200B9ADF00A4A65D /* CollectionDataTest.swift */; };
		81CE8C21200759F4009DA082 /* SheetPicker.swift in Sources */ = {isa = PBXBuildFile; fileRef = 81CE8C20200759F4009DA082 /* SheetPicker.swift */; };
		81CE8C2620077B43009DA082 /* DatePicker.swift in Sources */ = {isa = PBXBuildFile; fileRef = 81CE8C2520076EC4009DA082 /* DatePicker.swift */; };
		81CE8C2720077B4D009DA082 /* DatePicker.xib in Resources */ = {isa = PBXBuildFile; fileRef = 81CE8C2420076EC4009DA082 /* DatePicker.xib */; };
/* End PBXBuildFile section */

/* Begin PBXFileReference section */
		811777F31F1F7EBC001FA155 /* PickerList-Chtar.app */ = {isa = PBXFileReference; explicitFileType = wrapper.application; includeInIndex = 0; path = "PickerList-Chtar.app"; sourceTree = BUILT_PRODUCTS_DIR; };
		811777F61F1F7EBC001FA155 /* AppDelegate.swift */ = {isa = PBXFileReference; lastKnownFileType = sourcecode.swift; path = AppDelegate.swift; sourceTree = "<group>"; };
		811777F81F1F7EBC001FA155 /* ViewController.swift */ = {isa = PBXFileReference; lastKnownFileType = sourcecode.swift; path = ViewController.swift; sourceTree = "<group>"; };
		811777FB1F1F7EBC001FA155 /* Base */ = {isa = PBXFileReference; lastKnownFileType = file.storyboard; name = Base; path = Base.lproj/Main.storyboard; sourceTree = "<group>"; };
		811777FD1F1F7EBC001FA155 /* Assets.xcassets */ = {isa = PBXFileReference; lastKnownFileType = folder.assetcatalog; path = Assets.xcassets; sourceTree = "<group>"; };
		811778001F1F7EBC001FA155 /* Base */ = {isa = PBXFileReference; lastKnownFileType = file.storyboard; name = Base; path = Base.lproj/LaunchScreen.storyboard; sourceTree = "<group>"; };
		811778021F1F7EBC001FA155 /* Info.plist */ = {isa = PBXFileReference; lastKnownFileType = text.plist.xml; path = Info.plist; sourceTree = "<group>"; };
		811778091F1F7EDD001FA155 /* PickerList.xib */ = {isa = PBXFileReference; fileEncoding = 4; lastKnownFileType = file.xib; path = PickerList.xib; sourceTree = "<group>"; };
		8117780A1F1F7EDD001FA155 /* PickerList.swift */ = {isa = PBXFileReference; fileEncoding = 4; lastKnownFileType = sourcecode.swift; path = PickerList.swift; sourceTree = "<group>"; };
		81A0B368200B665100A4A65D /* CustomPicker.swift */ = {isa = PBXFileReference; lastKnownFileType = sourcecode.swift; path = CustomPicker.swift; sourceTree = "<group>"; };
		81A0B36A200B78C200A4A65D /* TableView.xib */ = {isa = PBXFileReference; lastKnownFileType = file.xib; path = TableView.xib; sourceTree = "<group>"; };
		81A0B36D200B8A5200A4A65D /* TableViewTest.swift */ = {isa = PBXFileReference; lastKnownFileType = sourcecode.swift; path = TableViewTest.swift; sourceTree = "<group>"; };
		81A0B36F200B8ED200A4A65D /* TableCell.xib */ = {isa = PBXFileReference; lastKnownFileType = file.xib; path = TableCell.xib; sourceTree = "<group>"; };
		81A0B371200B8F2C00A4A65D /* ViewPresenter.swift */ = {isa = PBXFileReference; lastKnownFileType = sourcecode.swift; path = ViewPresenter.swift; sourceTree = "<group>"; };
		81A0B374200B944800A4A65D /* CollectionData.xib */ = {isa = PBXFileReference; lastKnownFileType = file.xib; path = CollectionData.xib; sourceTree = "<group>"; };
		81A0B376200B949000A4A65D /* CollectionCell.xib */ = {isa = PBXFileReference; lastKnownFileType = file.xib; path = CollectionCell.xib; sourceTree = "<group>"; };
		81A0B378200B9ADF00A4A65D /* CollectionDataTest.swift */ = {isa = PBXFileReference; lastKnownFileType = sourcecode.swift; path = CollectionDataTest.swift; sourceTree = "<group>"; };
		81A0B37A200BB34E00A4A65D /* home.png */ = {isa = PBXFileReference; lastKnownFileType = image.png; path = home.png; sourceTree = "<group>"; };
		81A0B37B200BB34E00A4A65D /* datePicker.png */ = {isa = PBXFileReference; lastKnownFileType = image.png; path = datePicker.png; sourceTree = "<group>"; };
		81A0B37C200BB34E00A4A65D /* tableView.png */ = {isa = PBXFileReference; lastKnownFileType = image.png; path = tableView.png; sourceTree = "<group>"; };
		81A0B37D200BB34E00A4A65D /* normal picker.png */ = {isa = PBXFileReference; lastKnownFileType = image.png; path = "normal picker.png"; sourceTree = "<group>"; };
		81A0B37F200BB34F00A4A65D /* collectionView.png */ = {isa = PBXFileReference; lastKnownFileType = image.png; path = collectionView.png; sourceTree = "<group>"; };
		81A0B380200BB5EB00A4A65D /* PickerMovie.mov */ = {isa = PBXFileReference; lastKnownFileType = video.quicktime; path = PickerMovie.mov; sourceTree = "<group>"; };
		81CE8C20200759F4009DA082 /* SheetPicker.swift */ = {isa = PBXFileReference; lastKnownFileType = sourcecode.swift; path = SheetPicker.swift; sourceTree = "<group>"; };
		81CE8C2420076EC4009DA082 /* DatePicker.xib */ = {isa = PBXFileReference; lastKnownFileType = file.xib; path = DatePicker.xib; sourceTree = "<group>"; };
		81CE8C2520076EC4009DA082 /* DatePicker.swift */ = {isa = PBXFileReference; lastKnownFileType = sourcecode.swift; path = DatePicker.swift; sourceTree = "<group>"; };
/* End PBXFileReference section */

/* Begin PBXFrameworksBuildPhase section */
		811777F01F1F7EBC001FA155 /* Frameworks */ = {
			isa = PBXFrameworksBuildPhase;
			buildActionMask = 2147483647;
			files = (
			);
			runOnlyForDeploymentPostprocessing = 0;
		};
/* End PBXFrameworksBuildPhase section */

/* Begin PBXGroup section */
		811777EA1F1F7EBB001FA155 = {
			isa = PBXGroup;
			children = (
				8117780D1F1F81D9001FA155 /* screen shot */,
				811778081F1F7EC3001FA155 /* pickerList-comm */,
				811777F51F1F7EBC001FA155 /* PickerList-Chtar */,
				811777F41F1F7EBC001FA155 /* Products */,
			);
			sourceTree = "<group>";
		};
		811777F41F1F7EBC001FA155 /* Products */ = {
			isa = PBXGroup;
			children = (
				811777F31F1F7EBC001FA155 /* PickerList-Chtar.app */,
			);
			name = Products;
			sourceTree = "<group>";
		};
		811777F51F1F7EBC001FA155 /* PickerList-Chtar */ = {
			isa = PBXGroup;
			children = (
				81A0B373200B942100A4A65D /* custom collectionView */,
				81A0B36C200B8A3000A4A65D /* custom tablePicker  */,
				811777F61F1F7EBC001FA155 /* AppDelegate.swift */,
				811777F81F1F7EBC001FA155 /* ViewController.swift */,
				81A0B371200B8F2C00A4A65D /* ViewPresenter.swift */,
				811777FA1F1F7EBC001FA155 /* Main.storyboard */,
				811777FD1F1F7EBC001FA155 /* Assets.xcassets */,
				811777FF1F1F7EBC001FA155 /* LaunchScreen.storyboard */,
				811778021F1F7EBC001FA155 /* Info.plist */,
			);
			path = "PickerList-Chtar";
			sourceTree = "<group>";
		};
		811778081F1F7EC3001FA155 /* pickerList-comm */ = {
			isa = PBXGroup;
			children = (
				81A0B367200B661A00A4A65D /* custom sheet */,
				81CE8C2320076E9E009DA082 /* datePicker */,
				81CE8C2220075A06009DA082 /* first picker for any type  */,
				81CE8C20200759F4009DA082 /* SheetPicker.swift */,
			);
			name = "pickerList-comm";
			sourceTree = "<group>";
		};
		8117780D1F1F81D9001FA155 /* screen shot */ = {
			isa = PBXGroup;
			children = (
				81A0B380200BB5EB00A4A65D /* PickerMovie.mov */,
				81A0B37A200BB34E00A4A65D /* home.png */,
				81A0B37F200BB34F00A4A65D /* collectionView.png */,
				81A0B37C200BB34E00A4A65D /* tableView.png */,
				81A0B37B200BB34E00A4A65D /* datePicker.png */,
				81A0B37D200BB34E00A4A65D /* normal picker.png */,
			);
			name = "screen shot";
			sourceTree = "<group>";
		};
		81A0B367200B661A00A4A65D /* custom sheet */ = {
			isa = PBXGroup;
			children = (
				81A0B368200B665100A4A65D /* CustomPicker.swift */,
			);
			name = "custom sheet";
			sourceTree = "<group>";
		};
		81A0B36C200B8A3000A4A65D /* custom tablePicker  */ = {
			isa = PBXGroup;
			children = (
				81A0B36A200B78C200A4A65D /* TableView.xib */,
				81A0B36D200B8A5200A4A65D /* TableViewTest.swift */,
				81A0B36F200B8ED200A4A65D /* TableCell.xib */,
			);
			path = "custom tablePicker ";
			sourceTree = "<group>";
		};
		81A0B373200B942100A4A65D /* custom collectionView */ = {
			isa = PBXGroup;
			children = (
				81A0B374200B944800A4A65D /* CollectionData.xib */,
				81A0B376200B949000A4A65D /* CollectionCell.xib */,
				81A0B378200B9ADF00A4A65D /* CollectionDataTest.swift */,
			);
			path = "custom collectionView";
			sourceTree = "<group>";
		};
		81CE8C2220075A06009DA082 /* first picker for any type  */ = {
			isa = PBXGroup;
			children = (
				811778091F1F7EDD001FA155 /* PickerList.xib */,
				8117780A1F1F7EDD001FA155 /* PickerList.swift */,
			);
			name = "first picker for any type ";
			sourceTree = "<group>";
		};
		81CE8C2320076E9E009DA082 /* datePicker */ = {
			isa = PBXGroup;
			children = (
				81CE8C2520076EC4009DA082 /* DatePicker.swift */,
				81CE8C2420076EC4009DA082 /* DatePicker.xib */,
			);
			name = datePicker;
			sourceTree = "<group>";
		};
/* End PBXGroup section */

/* Begin PBXNativeTarget section */
		811777F21F1F7EBC001FA155 /* PickerList-Chtar */ = {
			isa = PBXNativeTarget;
			buildConfigurationList = 811778051F1F7EBC001FA155 /* Build configuration list for PBXNativeTarget "PickerList-Chtar" */;
			buildPhases = (
				811777EF1F1F7EBC001FA155 /* Sources */,
				811777F01F1F7EBC001FA155 /* Frameworks */,
				811777F11F1F7EBC001FA155 /* Resources */,
			);
			buildRules = (
			);
			dependencies = (
			);
			name = "PickerList-Chtar";
			productName = "PickerList-Chtar";
			productReference = 811777F31F1F7EBC001FA155 /* PickerList-Chtar.app */;
			productType = "com.apple.product-type.application";
		};
/* End PBXNativeTarget section */

/* Begin PBXProject section */
		811777EB1F1F7EBB001FA155 /* Project object */ = {
			isa = PBXProject;
			attributes = {
				LastSwiftUpdateCheck = 0820;
				LastUpgradeCheck = 0820;
				ORGANIZATIONNAME = "Ragaie alfy";
				TargetAttributes = {
					811777F21F1F7EBC001FA155 = {
						CreatedOnToolsVersion = 8.2;
						DevelopmentTeam = 8Z3K9T9U74;
						ProvisioningStyle = Automatic;
					};
				};
			};
			buildConfigurationList = 811777EE1F1F7EBB001FA155 /* Build configuration list for PBXProject "PickerList-Chtar" */;
			compatibilityVersion = "Xcode 3.2";
			developmentRegion = English;
			hasScannedForEncodings = 0;
			knownRegions = (
				en,
				Base,
			);
			mainGroup = 811777EA1F1F7EBB001FA155;
			productRefGroup = 811777F41F1F7EBC001FA155 /* Products */;
			projectDirPath = "";
			projectRoot = "";
			targets = (
				811777F21F1F7EBC001FA155 /* PickerList-Chtar */,
			);
		};
/* End PBXProject section */

/* Begin PBXResourcesBuildPhase section */
		811777F11F1F7EBC001FA155 /* Resources */ = {
			isa = PBXResourcesBuildPhase;
			buildActionMask = 2147483647;
			files = (
				811778011F1F7EBC001FA155 /* LaunchScreen.storyboard in Resources */,
				81A0B36B200B78C200A4A65D /* TableView.xib in Resources */,
				81CE8C2720077B4D009DA082 /* DatePicker.xib in Resources */,
				81A0B377200B949000A4A65D /* CollectionCell.xib in Resources */,
				8117780B1F1F7EDD001FA155 /* PickerList.xib in Resources */,
				811777FE1F1F7EBC001FA155 /* Assets.xcassets in Resources */,
				811777FC1F1F7EBC001FA155 /* Main.storyboard in Resources */,
				81A0B375200B944800A4A65D /* CollectionData.xib in Resources */,
				81A0B370200B8ED200A4A65D /* TableCell.xib in Resources */,
			);
			runOnlyForDeploymentPostprocessing = 0;
		};
/* End PBXResourcesBuildPhase section */

/* Begin PBXSourcesBuildPhase section */
		811777EF1F1F7EBC001FA155 /* Sources */ = {
			isa = PBXSourcesBuildPhase;
			buildActionMask = 2147483647;
			files = (
				81A0B372200B8F2C00A4A65D /* ViewPresenter.swift in Sources */,
				81A0B379200B9ADF00A4A65D /* CollectionDataTest.swift in Sources */,
				8117780C1F1F7EDD001FA155 /* PickerList.swift in Sources */,
				81A0B36E200B8A5200A4A65D /* TableViewTest.swift in Sources */,
				81A0B369200B665100A4A65D /* CustomPicker.swift in Sources */,
				811777F91F1F7EBC001FA155 /* ViewController.swift in Sources */,
				811777F71F1F7EBC001FA155 /* AppDelegate.swift in Sources */,
				81CE8C21200759F4009DA082 /* SheetPicker.swift in Sources */,
				81CE8C2620077B43009DA082 /* DatePicker.swift in Sources */,
			);
			runOnlyForDeploymentPostprocessing = 0;
		};
/* End PBXSourcesBuildPhase section */

/* Begin PBXVariantGroup section */
		811777FA1F1F7EBC001FA155 /* Main.storyboard */ = {
			isa = PBXVariantGroup;
			children = (
				811777FB1F1F7EBC001FA155 /* Base */,
			);
			name = Main.storyboard;
			sourceTree = "<group>";
		};
		811777FF1F1F7EBC001FA155 /* LaunchScreen.storyboard */ = {
			isa = PBXVariantGroup;
			children = (
				811778001F1F7EBC001FA155 /* Base */,
			);
			name = LaunchScreen.storyboard;
			sourceTree = "<group>";
		};
/* End PBXVariantGroup section */

/* Begin XCBuildConfiguration section */
		811778031F1F7EBC001FA155 /* Debug */ = {
			isa = XCBuildConfiguration;
			buildSettings = {
				ALWAYS_SEARCH_USER_PATHS = NO;
				CLANG_ANALYZER_NONNULL = YES;
				CLANG_CXX_LANGUAGE_STANDARD = "gnu++0x";
				CLANG_CXX_LIBRARY = "libc++";
				CLANG_ENABLE_MODULES = YES;
				CLANG_ENABLE_OBJC_ARC = YES;
				CLANG_WARN_BOOL_CONVERSION = YES;
				CLANG_WARN_CONSTANT_CONVERSION = YES;
				CLANG_WARN_DIRECT_OBJC_ISA_USAGE = YES_ERROR;
				CLANG_WARN_DOCUMENTATION_COMMENTS = YES;
				CLANG_WARN_EMPTY_BODY = YES;
				CLANG_WARN_ENUM_CONVERSION = YES;
				CLANG_WARN_INFINITE_RECURSION = YES;
				CLANG_WARN_INT_CONVERSION = YES;
				CLANG_WARN_OBJC_ROOT_CLASS = YES_ERROR;
				CLANG_WARN_SUSPICIOUS_MOVE = YES;
				CLANG_WARN_UNREACHABLE_CODE = YES;
				CLANG_WARN__DUPLICATE_METHOD_MATCH = YES;
				"CODE_SIGN_IDENTITY[sdk=iphoneos*]" = "iPhone Developer";
				COPY_PHASE_STRIP = NO;
				DEBUG_INFORMATION_FORMAT = dwarf;
				ENABLE_STRICT_OBJC_MSGSEND = YES;
				ENABLE_TESTABILITY = YES;
				GCC_C_LANGUAGE_STANDARD = gnu99;
				GCC_DYNAMIC_NO_PIC = NO;
				GCC_NO_COMMON_BLOCKS = YES;
				GCC_OPTIMIZATION_LEVEL = 0;
				GCC_PREPROCESSOR_DEFINITIONS = (
					"DEBUG=1",
					"$(inherited)",
				);
				GCC_WARN_64_TO_32_BIT_CONVERSION = YES;
				GCC_WARN_ABOUT_RETURN_TYPE = YES_ERROR;
				GCC_WARN_UNDECLARED_SELECTOR = YES;
				GCC_WARN_UNINITIALIZED_AUTOS = YES_AGGRESSIVE;
				GCC_WARN_UNUSED_FUNCTION = YES;
				GCC_WARN_UNUSED_VARIABLE = YES;
				IPHONEOS_DEPLOYMENT_TARGET = 10.2;
				MTL_ENABLE_DEBUG_INFO = YES;
				ONLY_ACTIVE_ARCH = YES;
				SDKROOT = iphoneos;
				SWIFT_ACTIVE_COMPILATION_CONDITIONS = DEBUG;
				SWIFT_OPTIMIZATION_LEVEL = "-Onone";
				TARGETED_DEVICE_FAMILY = "1,2";
			};
			name = Debug;
		};
		811778041F1F7EBC001FA155 /* Release */ = {
			isa = XCBuildConfiguration;
			buildSettings = {
				ALWAYS_SEARCH_USER_PATHS = NO;
				CLANG_ANALYZER_NONNULL = YES;
				CLANG_CXX_LANGUAGE_STANDARD = "gnu++0x";
				CLANG_CXX_LIBRARY = "libc++";
				CLANG_ENABLE_MODULES = YES;
				CLANG_ENABLE_OBJC_ARC = YES;
				CLANG_WARN_BOOL_CONVERSION = YES;
				CLANG_WARN_CONSTANT_CONVERSION = YES;
				CLANG_WARN_DIRECT_OBJC_ISA_USAGE = YES_ERROR;
				CLANG_WARN_DOCUMENTATION_COMMENTS = YES;
				CLANG_WARN_EMPTY_BODY = YES;
				CLANG_WARN_ENUM_CONVERSION = YES;
				CLANG_WARN_INFINITE_RECURSION = YES;
				CLANG_WARN_INT_CONVERSION = YES;
				CLANG_WARN_OBJC_ROOT_CLASS = YES_ERROR;
				CLANG_WARN_SUSPICIOUS_MOVE = YES;
				CLANG_WARN_UNREACHABLE_CODE = YES;
				CLANG_WARN__DUPLICATE_METHOD_MATCH = YES;
				"CODE_SIGN_IDENTITY[sdk=iphoneos*]" = "iPhone Developer";
				COPY_PHASE_STRIP = NO;
				DEBUG_INFORMATION_FORMAT = "dwarf-with-dsym";
				ENABLE_NS_ASSERTIONS = NO;
				ENABLE_STRICT_OBJC_MSGSEND = YES;
				GCC_C_LANGUAGE_STANDARD = gnu99;
				GCC_NO_COMMON_BLOCKS = YES;
				GCC_WARN_64_TO_32_BIT_CONVERSION = YES;
				GCC_WARN_ABOUT_RETURN_TYPE = YES_ERROR;
				GCC_WARN_UNDECLARED_SELECTOR = YES;
				GCC_WARN_UNINITIALIZED_AUTOS = YES_AGGRESSIVE;
				GCC_WARN_UNUSED_FUNCTION = YES;
				GCC_WARN_UNUSED_VARIABLE = YES;
				IPHONEOS_DEPLOYMENT_TARGET = 10.2;
				MTL_ENABLE_DEBUG_INFO = NO;
				SDKROOT = iphoneos;
				SWIFT_OPTIMIZATION_LEVEL = "-Owholemodule";
				TARGETED_DEVICE_FAMILY = "1,2";
				VALIDATE_PRODUCT = YES;
			};
			name = Release;
		};
		811778061F1F7EBC001FA155 /* Debug */ = {
			isa = XCBuildConfiguration;
			buildSettings = {
				ASSETCATALOG_COMPILER_APPICON_NAME = AppIcon;
				DEVELOPMENT_TEAM = 8Z3K9T9U74;
				INFOPLIST_FILE = "PickerList-Chtar/Info.plist";
				LD_RUNPATH_SEARCH_PATHS = "$(inherited) @executable_path/Frameworks";
				PRODUCT_BUNDLE_IDENTIFIER = "Chtar.PickerList-Chtar";
				PRODUCT_NAME = "$(TARGET_NAME)";
				SWIFT_VERSION = 3.0;
			};
			name = Debug;
		};
		811778071F1F7EBC001FA155 /* Release */ = {
			isa = XCBuildConfiguration;
			buildSettings = {
				ASSETCATALOG_COMPILER_APPICON_NAME = AppIcon;
				DEVELOPMENT_TEAM = 8Z3K9T9U74;
				INFOPLIST_FILE = "PickerList-Chtar/Info.plist";
				LD_RUNPATH_SEARCH_PATHS = "$(inherited) @executable_path/Frameworks";
				PRODUCT_BUNDLE_IDENTIFIER = "Chtar.PickerList-Chtar";
				PRODUCT_NAME = "$(TARGET_NAME)";
				SWIFT_VERSION = 3.0;
			};
			name = Release;
		};
/* End XCBuildConfiguration section */

/* Begin XCConfigurationList section */
		811777EE1F1F7EBB001FA155 /* Build configuration list for PBXProject "PickerList-Chtar" */ = {
			isa = XCConfigurationList;
			buildConfigurations = (
				811778031F1F7EBC001FA155 /* Debug */,
				811778041F1F7EBC001FA155 /* Release */,
			);
			defaultConfigurationIsVisible = 0;
			defaultConfigurationName = Release;
		};
		811778051F1F7EBC001FA155 /* Build configuration list for PBXNativeTarget "PickerList-Chtar" */ = {
			isa = XCConfigurationList;
			buildConfigurations = (
				811778061F1F7EBC001FA155 /* Debug */,
				811778071F1F7EBC001FA155 /* Release */,
			);
			defaultConfigurationIsVisible = 0;
			defaultConfigurationName = Release;
		};
/* End XCConfigurationList section */
	};
	rootObject = 811777EB1F1F7EBB001FA155 /* Project object */;
}
